
Microsoft Visual Studio Solution File, Format Version 12.00
# Visual Studio Version 17
VisualStudioVersion = 17.14.36414.22 d17.14
MinimumVisualStudioVersion = 10.0.40219.1
Project("{FAE04EC0-301F-11D3-BF4B-00C04F79EFBC}") = "Exercício 17", "Exercício 17\Exercício 17.csproj", "{E77FC6AD-00EC-4F87-81EA-CCA2D3453840}"
EndProject
Global
	GlobalSection(SolutionConfigurationPlatforms) = preSolution
		Debug|Any CPU = Debug|Any CPU
		Release|Any CPU = Release|Any CPU
	EndGlobalSection
	GlobalSection(ProjectConfigurationPlatforms) = postSolution
		{E77FC6AD-00EC-4F87-81EA-CCA2D3453840}.Debug|Any CPU.ActiveCfg = Debug|Any CPU
		{E77FC6AD-00EC-4F87-81EA-CCA2D3453840}.Debug|Any CPU.Build.0 = Debug|Any CPU
		{E77FC6AD-00EC-4F87-81EA-CCA2D3453840}.Release|Any CPU.ActiveCfg = Release|Any CPU
		{E77FC6AD-00EC-4F87-81EA-CCA2D3453840}.Release|Any CPU.Build.0 = Release|Any CPU
	EndGlobalSection
	GlobalSection(SolutionProperties) = preSolution
		HideSolutionNode = FALSE
	EndGlobalSection
	GlobalSection(ExtensibilityGlobals) = postSolution
		SolutionGuid = {8B24019A-E120-420B-8D07-B7471ADEFC41}
	EndGlobalSection
EndGlobal
