
Microsoft Visual Studio Solution File, Format Version 12.00
# Visual Studio Version 17
VisualStudioVersion = 17.14.36414.22 d17.14
MinimumVisualStudioVersion = 10.0.40219.1
Project("{FAE04EC0-301F-11D3-BF4B-00C04F79EFBC}") = "Exercício 5", "Exercício 5\Exercício 5.csproj", "{BE79D23D-E7A9-49CA-8D23-E89284F5C19C}"
EndProject
Global
	GlobalSection(SolutionConfigurationPlatforms) = preSolution
		Debug|Any CPU = Debug|Any CPU
		Release|Any CPU = Release|Any CPU
	EndGlobalSection
	GlobalSection(ProjectConfigurationPlatforms) = postSolution
		{BE79D23D-E7A9-49CA-8D23-E89284F5C19C}.Debug|Any CPU.ActiveCfg = Debug|Any CPU
		{BE79D23D-E7A9-49CA-8D23-E89284F5C19C}.Debug|Any CPU.Build.0 = Debug|Any CPU
		{BE79D23D-E7A9-49CA-8D23-E89284F5C19C}.Release|Any CPU.ActiveCfg = Release|Any CPU
		{BE79D23D-E7A9-49CA-8D23-E89284F5C19C}.Release|Any CPU.Build.0 = Release|Any CPU
	EndGlobalSection
	GlobalSection(SolutionProperties) = preSolution
		HideSolutionNode = FALSE
	EndGlobalSection
	GlobalSection(ExtensibilityGlobals) = postSolution
		SolutionGuid = {E58FA782-C258-44F5-92CC-4448F626C64E}
	EndGlobalSection
EndGlobal
