
Microsoft Visual Studio Solution File, Format Version 12.00
# Visual Studio Version 17
VisualStudioVersion = 17.14.36414.22 d17.14
MinimumVisualStudioVersion = 10.0.40219.1
Project("{FAE04EC0-301F-11D3-BF4B-00C04F79EFBC}") = "Exercício 15", "Exercício 15\Exercício 15.csproj", "{5C992BB4-2EF2-4165-BB81-B17AE0D13729}"
EndProject
Global
	GlobalSection(SolutionConfigurationPlatforms) = preSolution
		Debug|Any CPU = Debug|Any CPU
		Release|Any CPU = Release|Any CPU
	EndGlobalSection
	GlobalSection(ProjectConfigurationPlatforms) = postSolution
		{5C992BB4-2EF2-4165-BB81-B17AE0D13729}.Debug|Any CPU.ActiveCfg = Debug|Any CPU
		{5C992BB4-2EF2-4165-BB81-B17AE0D13729}.Debug|Any CPU.Build.0 = Debug|Any CPU
		{5C992BB4-2EF2-4165-BB81-B17AE0D13729}.Release|Any CPU.ActiveCfg = Release|Any CPU
		{5C992BB4-2EF2-4165-BB81-B17AE0D13729}.Release|Any CPU.Build.0 = Release|Any CPU
	EndGlobalSection
	GlobalSection(SolutionProperties) = preSolution
		HideSolutionNode = FALSE
	EndGlobalSection
	GlobalSection(ExtensibilityGlobals) = postSolution
		SolutionGuid = {59BC2EDA-04BB-4017-BE8A-9332D46BA8A5}
	EndGlobalSection
EndGlobal
